
Microsoft Visual Studio Solution File, Format Version 12.00
# Visual Studio Version 17
VisualStudioVersion = 17.1.32104.313
MinimumVisualStudioVersion = 10.0.40219.1
Project("{FAE04EC0-301F-11D3-BF4B-00C04F79EFBC}") = "FridaSharpWeChatHook", "FridaSharpWeChatHook\FridaSharpWeChatHook.csproj", "{BCA60FBD-7473-4739-A031-18413DE0DAD9}"
EndProject
Global
	GlobalSection(SolutionConfigurationPlatforms) = preSolution
		Debug|Any CPU = Debug|Any CPU
		Debug|x64 = Debug|x64
		Debug|x86 = Debug|x86
		Release|Any CPU = Release|Any CPU
		Release|x64 = Release|x64
		Release|x86 = Release|x86
	EndGlobalSection
	GlobalSection(ProjectConfigurationPlatforms) = postSolution
		{BCA60FBD-7473-4739-A031-18413DE0DAD9}.Debug|Any CPU.ActiveCfg = Debug|Any CPU
		{BCA60FBD-7473-4739-A031-18413DE0DAD9}.Debug|Any CPU.Build.0 = Debug|Any CPU
		{BCA60FBD-7473-4739-A031-18413DE0DAD9}.Debug|x64.ActiveCfg = Debug|x64
		{BCA60FBD-7473-4739-A031-18413DE0DAD9}.Debug|x64.Build.0 = Debug|x64
		{BCA60FBD-7473-4739-A031-18413DE0DAD9}.Debug|x86.ActiveCfg = Debug|x86
		{BCA60FBD-7473-4739-A031-18413DE0DAD9}.Debug|x86.Build.0 = Debug|x86
		{BCA60FBD-7473-4739-A031-18413DE0DAD9}.Release|Any CPU.ActiveCfg = Release|Any CPU
		{BCA60FBD-7473-4739-A031-18413DE0DAD9}.Release|Any CPU.Build.0 = Release|Any CPU
		{BCA60FBD-7473-4739-A031-18413DE0DAD9}.Release|x64.ActiveCfg = Release|x64
		{BCA60FBD-7473-4739-A031-18413DE0DAD9}.Release|x64.Build.0 = Release|x64
		{BCA60FBD-7473-4739-A031-18413DE0DAD9}.Release|x86.ActiveCfg = Release|x86
		{BCA60FBD-7473-4739-A031-18413DE0DAD9}.Release|x86.Build.0 = Release|x86
	EndGlobalSection
	GlobalSection(SolutionProperties) = preSolution
		HideSolutionNode = FALSE
	EndGlobalSection
	GlobalSection(ExtensibilityGlobals) = postSolution
		SolutionGuid = {C1762BBB-69A7-455F-87DA-272F3822BB4A}
	EndGlobalSection
EndGlobal
